
Microsoft Visual Studio Solution File, Format Version 12.00
# Visual Studio Version 17
VisualStudioVersion = 17.10.35027.167
MinimumVisualStudioVersion = 10.0.40219.1
Project("{FAE04EC0-301F-11D3-BF4B-00C04F79EFBC}") = "GroceryShopAPI", "GroceryShopAPI.csproj", "{90BF945F-6568-4BC0-9F7C-48DB0A0EBA54}"
EndProject
Global
	GlobalSection(SolutionConfigurationPlatforms) = preSolution
		Debug|Any CPU = Debug|Any CPU
		Release|Any CPU = Release|Any CPU
	EndGlobalSection
	GlobalSection(ProjectConfigurationPlatforms) = postSolution
		{90BF945F-6568-4BC0-9F7C-48DB0A0EBA54}.Debug|Any CPU.ActiveCfg = Debug|Any CPU
		{90BF945F-6568-4BC0-9F7C-48DB0A0EBA54}.Debug|Any CPU.Build.0 = Debug|Any CPU
		{90BF945F-6568-4BC0-9F7C-48DB0A0EBA54}.Release|Any CPU.ActiveCfg = Release|Any CPU
		{90BF945F-6568-4BC0-9F7C-48DB0A0EBA54}.Release|Any CPU.Build.0 = Release|Any CPU
	EndGlobalSection
	GlobalSection(SolutionProperties) = preSolution
		HideSolutionNode = FALSE
	EndGlobalSection
	GlobalSection(ExtensibilityGlobals) = postSolution
		SolutionGuid = {013C8165-AAAC-49F4-9742-BC5571403ABB}
	EndGlobalSection
EndGlobal
